
Microsoft Visual Studio Solution File, Format Version 12.00
# Visual Studio Version 17
VisualStudioVersion = 17.3.32819.101
MinimumVisualStudioVersion = 10.0.40219.1
Project("{888888A0-9F3D-457C-B088-3A5042F75D52}") = "kap 1-3 uppgift 7", "kap 1-3 uppgift 7\kap 1-3 uppgift 7.pyproj", "{F745E523-C06D-4DD9-8A69-8EC85CFDDA3A}"
EndProject
Global
	GlobalSection(SolutionConfigurationPlatforms) = preSolution
		Debug|Any CPU = Debug|Any CPU
		Release|Any CPU = Release|Any CPU
	EndGlobalSection
	GlobalSection(ProjectConfigurationPlatforms) = postSolution
		{F745E523-C06D-4DD9-8A69-8EC85CFDDA3A}.Debug|Any CPU.ActiveCfg = Debug|Any CPU
		{F745E523-C06D-4DD9-8A69-8EC85CFDDA3A}.Release|Any CPU.ActiveCfg = Release|Any CPU
	EndGlobalSection
	GlobalSection(SolutionProperties) = preSolution
		HideSolutionNode = FALSE
	EndGlobalSection
	GlobalSection(ExtensibilityGlobals) = postSolution
		SolutionGuid = {43075CEC-3146-4845-A494-ACAF054BD77B}
	EndGlobalSection
EndGlobal
